
Microsoft Visual Studio Solution File, Format Version 12.00
# Visual Studio Version 17
VisualStudioVersion = 17.5.002.0
MinimumVisualStudioVersion = 10.0.40219.1
Project("{9A19103F-16F7-4668-BE54-9A1E7A4F7556}") = "WebApplicationIngematica", "WebApplicationIngematica.csproj", "{DC796404-CAE4-443F-BBAA-F9AE00AA7205}"
EndProject
Global
	GlobalSection(SolutionConfigurationPlatforms) = preSolution
		Debug|Any CPU = Debug|Any CPU
		Release|Any CPU = Release|Any CPU
	EndGlobalSection
	GlobalSection(ProjectConfigurationPlatforms) = postSolution
		{DC796404-CAE4-443F-BBAA-F9AE00AA7205}.Debug|Any CPU.ActiveCfg = Debug|Any CPU
		{DC796404-CAE4-443F-BBAA-F9AE00AA7205}.Debug|Any CPU.Build.0 = Debug|Any CPU
		{DC796404-CAE4-443F-BBAA-F9AE00AA7205}.Release|Any CPU.ActiveCfg = Release|Any CPU
		{DC796404-CAE4-443F-BBAA-F9AE00AA7205}.Release|Any CPU.Build.0 = Release|Any CPU
	EndGlobalSection
	GlobalSection(SolutionProperties) = preSolution
		HideSolutionNode = FALSE
	EndGlobalSection
	GlobalSection(ExtensibilityGlobals) = postSolution
		SolutionGuid = {96749531-FC6E-46E6-B7C2-317800B99DA3}
	EndGlobalSection
EndGlobal
